github.com/zninggo/v8go/deps/android_amd64 v0.0.0-20260829053000-d8c339222bd3 h1:aNpaS/hPzRVo50JS6g7GszavZSShSEK9yzAoW3cB9O4=
github.com/zninggo/v8go/deps/android_amd64 v0.0.0-20260829053000-d8c339222bd3/go.mod h1:i1w3y5PUYuDfzYR/MqnnsC2zzJvMfYhQ27eHSWxApU0=
github.com/zninggo/v8go/deps/android_amd64 v0.0.0-20260829060313-44d1b06e803d h1:fpMedg+hZsMtjM9d9n1QCkP7g9kqHpR6dIxtDDg0Djo=
github.com/zninggo/v8go/deps/android_amd64 v0.0.0-20260829060313-44d1b06e803d/go.mod h1:i1w3y5PUYuDfzYR/MqnnsC2zzJvMfYhQ27eHSWxApU0=
github.com/zninggo/v8go/deps/android_arm64 v0.0.0-20260829053000-d8c339222bd3 h1:uRcq4oGPTo7lFQQNe8fAy/I2ZRWKHKlmv4hUqTE0AUU=
github.com/zninggo/v8go/deps/android_arm64 v0.0.0-20260829053000-d8c339222bd3/go.mod h1:TTjzMDfQX4ISMLNhOdUATE7LEDmBfpvQToq8bOROxNk=
github.com/zninggo/v8go/deps/android_arm64 v0.0.0-20260829060313-44d1b06e803d h1:8/U1OVe3KsZwd3KSo4+vJU10jNVhRO8ICc3BdC6UwRI=
github.com/zninggo/v8go/deps/android_arm64 v0.0.0-20260829060313-44d1b06e803d/go.mod h1:TTjzMDfQX4ISMLNhOdUATE7LEDmBfpvQToq8bOROxNk=
github.com/zninggo/v8go/deps/darwin_amd64 v0.0.0-20260829053000-d8c339222bd3 h1:8aWNQ/EUzFQsFTRfQnjCYW7LXGgdtnkM7DiP5iOIK0c=
github.com/zninggo/v8go/deps/darwin_amd64 v0.0.0-20260829053000-d8c339222bd3/go.mod h1:CLUL+fbI7I/eAT5buNsJbP9Ha4gJQnMHAxp95d5Wc1Q=
github.com/zninggo/v8go/deps/darwin_amd64 v0.0.0-20260829060313-44d1b06e803d h1:CjNCoik5afINNppvUE3+KJmn5+QldmHz7JAOyCybjEA=
github.com/zninggo/v8go/deps/darwin_amd64 v0.0.0-20260829060313-44d1b06e803d/go.mod h1:CLUL+fbI7I/eAT5buNsJbP9Ha4gJQnMHAxp95d5Wc1Q=
github.com/zninggo/v8go/deps/darwin_arm64 v0.0.0-20260829053000-d8c339222bd3 h1:KZ/eW8Ve0jPAyBn4nUAC7H2s++rriqdShfMSeVcDaeY=
github.com/zninggo/v8go/deps/darwin_arm64 v0.0.0-20260829053000-d8c339222bd3/go.mod h1:PH1q3A4xQ3JMclOVst+0LmESt009UJYXBXzyltg4YZc=
github.com/zninggo/v8go/deps/darwin_arm64 v0.0.0-20260829060313-44d1b06e803d h1:NJSWCBqiXk2tSjVcYRDsoiyfvhp6GyNFiqia6G78XPM=
github.com/zninggo/v8go/deps/darwin_arm64 v0.0.0-20260829060313-44d1b06e803d/go.mod h1:PH1q3A4xQ3JMclOVst+0LmESt009UJYXBXzyltg4YZc=
github.com/zninggo/v8go/deps/linux_amd64 v0.0.0-20260829053000-d8c339222bd3 h1:AlEXA9Fwgmlc8PTBy2B2WKi99mtwiW2cJYcgGLRPyXQ=
github.com/zninggo/v8go/deps/linux_amd64 v0.0.0-20260829053000-d8c339222bd3/go.mod h1:qaFCh5XZaZV+CyLd4orMgAqU9BQLWo23t6LKHkA1UkI=
github.com/zninggo/v8go/deps/linux_amd64 v0.0.0-20260829060313-44d1b06e803d h1:53lhGpxcy7xIgSXqN6brT0ZvpgdxznU8wIoLUgDgGnw=
github.com/zninggo/v8go/deps/linux_amd64 v0.0.0-20260829060313-44d1b06e803d/go.mod h1:qaFCh5XZaZV+CyLd4orMgAqU9BQLWo23t6LKHkA1UkI=
github.com/zninggo/v8go/deps/linux_arm64 v0.0.0-20260829053000-d8c339222bd3 h1:cXraGoQ9G4b/TYVDf8FTgSdAoLGmniYpEAG6gYMcViY=
github.com/zninggo/v8go/deps/linux_arm64 v0.0.0-20260829053000-d8c339222bd3/go.mod h1:55WHgNf6yne1IiwlfX+zajJqP4JeBLMyJ2WG439lMXo=
github.com/zninggo/v8go/deps/linux_arm64 v0.0.0-20260829060313-44d1b06e803d h1:AdbA6uRsnHR1yOl+7nPfqg8+Obq1/Qt9UW+t7ewcwyA=
github.com/zninggo/v8go/deps/linux_arm64 v0.0.0-20260829060313-44d1b06e803d/go.mod h1:55WHgNf6yne1IiwlfX+zajJqP4JeBLMyJ2WG439lMXo=
